github.com/FinalLevel/go-i18n v0.0.0-20150419085615-6626b81bddef h1:srU8SvYqhqljx2Xk2OP2ZvpoD8EQwNj/w3txDWsxhCI=
github.com/FinalLevel/go-i18n v0.0.0-20150419085615-6626b81bddef/go.mod h1:brWNc7AK7KAWFMW8/Wd5pD4v2w910MezCLZ0Qg1mv6E=
github.com/benbjohnson/ego v0.4.2 h1:ZNQn/QziH3iMCTDA23XG7zVBctJi1UtvE1ct2xPLdjw=
github.com/benbjohnson/ego v0.4.2/go.mod h1:Sa5eTS6AJJy62BL2Y4ba70gt0ZayBXw2R5yZUD1ves8=
github.com/nicksnyder/go-i18n v1.10.1 h1:isfg77E/aCD7+0lD/D00ebR2MV5vgeQ276WYyDaCRQc=
github.com/nicksnyder/go-i18n v1.10.1/go.mod h1:e4Di5xjP9oTVrC6y3C7C0HoSYXjSbhh/dU0eUV32nB4=
github.com/pelletier/go-toml v1.2.0 h1:T5zMGML61Wp+FlcbWjRDT7yAxhJNAiPPLOFECq181zc=
github.com/pelletier/go-toml v1.2.0/go.mod h1:5z9KED0ma1S8pY6P1sdut58dfprrGBbd/94hg7ilaic=
gopkg.in/check.v1 v0.0.0-20161208181325-20d25e280405/go.mod h1:Co6ibVJAznAaIkqp8huTwlJQCZ016jof/cbN4VW5Yz0=
gopkg.in/yaml.v2 v2.2.1 h1:mUhvW9EsL+naU5Q3cakzfE91YhliOondGd6ZrsDBHQE=
gopkg.in/yaml.v2 v2.2.1/go.mod h1:hI93XBmqTisBFMUTm0b8Fm+jr3Dg1NNxqwp+5A1VGuI=
